
Microsoft Visual Studio Solution File, Format Version 12.00
# Visual Studio Version 17
VisualStudioVersion = 17.9.34728.123
MinimumVisualStudioVersion = 10.0.40219.1
Project("{FAE04EC0-301F-11D3-BF4B-00C04F79EFBC}") = "Calculadora de Números", "Calculadora de Números.csproj", "{5244EE0F-5B8E-4008-ABC9-406EBA1ECF78}"
EndProject
Global
	GlobalSection(SolutionConfigurationPlatforms) = preSolution
		Debug|Any CPU = Debug|Any CPU
		Release|Any CPU = Release|Any CPU
	EndGlobalSection
	GlobalSection(ProjectConfigurationPlatforms) = postSolution
		{5244EE0F-5B8E-4008-ABC9-406EBA1ECF78}.Debug|Any CPU.ActiveCfg = Debug|Any CPU
		{5244EE0F-5B8E-4008-ABC9-406EBA1ECF78}.Debug|Any CPU.Build.0 = Debug|Any CPU
		{5244EE0F-5B8E-4008-ABC9-406EBA1ECF78}.Release|Any CPU.ActiveCfg = Release|Any CPU
		{5244EE0F-5B8E-4008-ABC9-406EBA1ECF78}.Release|Any CPU.Build.0 = Release|Any CPU
	EndGlobalSection
	GlobalSection(SolutionProperties) = preSolution
		HideSolutionNode = FALSE
	EndGlobalSection
	GlobalSection(ExtensibilityGlobals) = postSolution
		SolutionGuid = {43F63AA4-F7FE-4A29-9CF2-5BFACADB3792}
	EndGlobalSection
EndGlobal
