
Microsoft Visual Studio Solution File, Format Version 12.00
# Visual Studio Version 17
VisualStudioVersion = 17.9.34728.123
MinimumVisualStudioVersion = 10.0.40219.1
Project("{FAE04EC0-301F-11D3-BF4B-00C04F79EFBC}") = "Generador de Números Aleatorios", "Generador de Números Aleatorios.csproj", "{EC1AD4D9-9FA1-48CF-9429-AF932CD485FA}"
EndProject
Global
	GlobalSection(SolutionConfigurationPlatforms) = preSolution
		Debug|Any CPU = Debug|Any CPU
		Release|Any CPU = Release|Any CPU
	EndGlobalSection
	GlobalSection(ProjectConfigurationPlatforms) = postSolution
		{EC1AD4D9-9FA1-48CF-9429-AF932CD485FA}.Debug|Any CPU.ActiveCfg = Debug|Any CPU
		{EC1AD4D9-9FA1-48CF-9429-AF932CD485FA}.Debug|Any CPU.Build.0 = Debug|Any CPU
		{EC1AD4D9-9FA1-48CF-9429-AF932CD485FA}.Release|Any CPU.ActiveCfg = Release|Any CPU
		{EC1AD4D9-9FA1-48CF-9429-AF932CD485FA}.Release|Any CPU.Build.0 = Release|Any CPU
	EndGlobalSection
	GlobalSection(SolutionProperties) = preSolution
		HideSolutionNode = FALSE
	EndGlobalSection
	GlobalSection(ExtensibilityGlobals) = postSolution
		SolutionGuid = {F3603552-4D35-424C-8788-C9DF3153EB30}
	EndGlobalSection
EndGlobal
