
Microsoft Visual Studio Solution File, Format Version 12.00
# Visual Studio Version 17
VisualStudioVersion = 17.9.34728.123
MinimumVisualStudioVersion = 10.0.40219.1
Project("{FAE04EC0-301F-11D3-BF4B-00C04F79EFBC}") = "Lista de Compras", "Lista de Compras.csproj", "{4DFCAB97-1B98-4962-BCAD-965BF0AC85E3}"
EndProject
Global
	GlobalSection(SolutionConfigurationPlatforms) = preSolution
		Debug|Any CPU = Debug|Any CPU
		Release|Any CPU = Release|Any CPU
	EndGlobalSection
	GlobalSection(ProjectConfigurationPlatforms) = postSolution
		{4DFCAB97-1B98-4962-BCAD-965BF0AC85E3}.Debug|Any CPU.ActiveCfg = Debug|Any CPU
		{4DFCAB97-1B98-4962-BCAD-965BF0AC85E3}.Debug|Any CPU.Build.0 = Debug|Any CPU
		{4DFCAB97-1B98-4962-BCAD-965BF0AC85E3}.Release|Any CPU.ActiveCfg = Release|Any CPU
		{4DFCAB97-1B98-4962-BCAD-965BF0AC85E3}.Release|Any CPU.Build.0 = Release|Any CPU
	EndGlobalSection
	GlobalSection(SolutionProperties) = preSolution
		HideSolutionNode = FALSE
	EndGlobalSection
	GlobalSection(ExtensibilityGlobals) = postSolution
		SolutionGuid = {A4D8ADE8-A5B6-4F8D-AD09-3ED5381ABA55}
	EndGlobalSection
EndGlobal
