
Microsoft Visual Studio Solution File, Format Version 12.00
# Visual Studio Version 17
VisualStudioVersion = 17.9.34728.123
MinimumVisualStudioVersion = 10.0.40219.1
Project("{FAE04EC0-301F-11D3-BF4B-00C04F79EFBC}") = "Registro de Temperaturas", "Registro de Temperaturas.csproj", "{A517F6EE-3FCD-403E-A9FD-C51D735DDE8D}"
EndProject
Global
	GlobalSection(SolutionConfigurationPlatforms) = preSolution
		Debug|Any CPU = Debug|Any CPU
		Release|Any CPU = Release|Any CPU
	EndGlobalSection
	GlobalSection(ProjectConfigurationPlatforms) = postSolution
		{A517F6EE-3FCD-403E-A9FD-C51D735DDE8D}.Debug|Any CPU.ActiveCfg = Debug|Any CPU
		{A517F6EE-3FCD-403E-A9FD-C51D735DDE8D}.Debug|Any CPU.Build.0 = Debug|Any CPU
		{A517F6EE-3FCD-403E-A9FD-C51D735DDE8D}.Release|Any CPU.ActiveCfg = Release|Any CPU
		{A517F6EE-3FCD-403E-A9FD-C51D735DDE8D}.Release|Any CPU.Build.0 = Release|Any CPU
	EndGlobalSection
	GlobalSection(SolutionProperties) = preSolution
		HideSolutionNode = FALSE
	EndGlobalSection
	GlobalSection(ExtensibilityGlobals) = postSolution
		SolutionGuid = {9632870A-1C56-4544-BB6F-6A13448232C1}
	EndGlobalSection
EndGlobal
